
Microsoft Visual Studio Solution File, Format Version 12.00
# Visual Studio Version 17
VisualStudioVersion = 17.2.32602.215
MinimumVisualStudioVersion = 10.0.40219.1
Project("{FAE04EC0-301F-11D3-BF4B-00C04F79EFBC}") = "EasyTabsExample", "EasyTabsExample\EasyTabsExample.csproj", "{BF9E8A15-B5AB-4F10-ABBF-95507F0AE553}"
EndProject
Global
	GlobalSection(SolutionConfigurationPlatforms) = preSolution
		Debug|Any CPU = Debug|Any CPU
		Release|Any CPU = Release|Any CPU
	EndGlobalSection
	GlobalSection(ProjectConfigurationPlatforms) = postSolution
		{BF9E8A15-B5AB-4F10-ABBF-95507F0AE553}.Debug|Any CPU.ActiveCfg = Debug|Any CPU
		{BF9E8A15-B5AB-4F10-ABBF-95507F0AE553}.Debug|Any CPU.Build.0 = Debug|Any CPU
		{BF9E8A15-B5AB-4F10-ABBF-95507F0AE553}.Release|Any CPU.ActiveCfg = Release|Any CPU
		{BF9E8A15-B5AB-4F10-ABBF-95507F0AE553}.Release|Any CPU.Build.0 = Release|Any CPU
	EndGlobalSection
	GlobalSection(SolutionProperties) = preSolution
		HideSolutionNode = FALSE
	EndGlobalSection
	GlobalSection(ExtensibilityGlobals) = postSolution
		SolutionGuid = {B8021924-DAEE-411F-AEE2-5AA492AD385E}
	EndGlobalSection
EndGlobal
